
Microsoft Visual Studio Solution File, Format Version 12.00
# Visual Studio Version 17
VisualStudioVersion = 17.3.32922.545
MinimumVisualStudioVersion = 10.0.40219.1
Project("{9A19103F-16F7-4668-BE54-9A1E7A4F7556}") = "AOQBIY_HFT_2022231.Client", "AOQBIY_HFT_2022231.Client\AOQBIY_HFT_2022231.Client.csproj", "{FBD3B899-7DE9-49B9-893C-E4F2A4412F52}"
EndProject
Project("{9A19103F-16F7-4668-BE54-9A1E7A4F7556}") = "AOQBIY_HFT_2022231.Models", "AOQBIY_HFT_2022231.Models\AOQBIY_HFT_2022231.Models.csproj", "{278344E7-D0D4-4B3B-8F5B-78404AF4CA3D}"
EndProject
Project("{9A19103F-16F7-4668-BE54-9A1E7A4F7556}") = "AOQBIY_HFT_2022231.Repository", "AOQBIY_HFT_2022231.Repository\AOQBIY_HFT_2022231.Repository.csproj", "{EB80BD3D-3F13-4602-9019-8F8C53D753F9}"
EndProject
Project("{9A19103F-16F7-4668-BE54-9A1E7A4F7556}") = "AOQBIY_HFT_2022231.Test", "AOQBIY_HFT_2022231.Test\AOQBIY_HFT_2022231.Test.csproj", "{389AEF6E-F81D-4A59-8268-ACB7EC7BF8F8}"
EndProject
Project("{9A19103F-16F7-4668-BE54-9A1E7A4F7556}") = "AOQBIY_HFT_2022231.Endpoint", "AOQBIY_HFT_2022231.Endpoint\AOQBIY_HFT_2022231.Endpoint.csproj", "{4C0A2F3A-882D-433C-96DF-D46A6968A061}"
EndProject
Project("{2150E333-8FDC-42A3-9474-1A3956D46DE8}") = "Backend", "Backend", "{59CAE727-9FDA-44E9-B479-525561E6909E}"
EndProject
Project("{2150E333-8FDC-42A3-9474-1A3956D46DE8}") = "Frontend", "Frontend", "{53A0C950-045B-4A6F-B919-3216349FBAD8}"
EndProject
Project("{2150E333-8FDC-42A3-9474-1A3956D46DE8}") = "Shared", "Shared", "{42E50C3C-CAAD-4774-AA54-BF7925A968AE}"
EndProject
Project("{9A19103F-16F7-4668-BE54-9A1E7A4F7556}") = "AOQBIY_HFT_2022231.Logic", "AOQBIY_HFT_2022231.Logic\AOQBIY_HFT_2022231.Logic.csproj", "{ADC61865-22C3-488A-8995-4542F4ADC8E1}"
EndProject
Project("{2150E333-8FDC-42A3-9474-1A3956D46DE8}") = "Others", "Others", "{89010A26-1640-412E-8B85-0C950B0E7774}"
	ProjectSection(SolutionItems) = preProject
		.gitignore = .gitignore
	EndProjectSection
EndProject
Global
	GlobalSection(SolutionConfigurationPlatforms) = preSolution
		Debug|Any CPU = Debug|Any CPU
		Release|Any CPU = Release|Any CPU
	EndGlobalSection
	GlobalSection(ProjectConfigurationPlatforms) = postSolution
		{FBD3B899-7DE9-49B9-893C-E4F2A4412F52}.Debug|Any CPU.ActiveCfg = Debug|Any CPU
		{FBD3B899-7DE9-49B9-893C-E4F2A4412F52}.Debug|Any CPU.Build.0 = Debug|Any CPU
		{FBD3B899-7DE9-49B9-893C-E4F2A4412F52}.Release|Any CPU.ActiveCfg = Release|Any CPU
		{FBD3B899-7DE9-49B9-893C-E4F2A4412F52}.Release|Any CPU.Build.0 = Release|Any CPU
		{278344E7-D0D4-4B3B-8F5B-78404AF4CA3D}.Debug|Any CPU.ActiveCfg = Debug|Any CPU
		{278344E7-D0D4-4B3B-8F5B-78404AF4CA3D}.Debug|Any CPU.Build.0 = Debug|Any CPU
		{278344E7-D0D4-4B3B-8F5B-78404AF4CA3D}.Release|Any CPU.ActiveCfg = Release|Any CPU
		{278344E7-D0D4-4B3B-8F5B-78404AF4CA3D}.Release|Any CPU.Build.0 = Release|Any CPU
		{EB80BD3D-3F13-4602-9019-8F8C53D753F9}.Debug|Any CPU.ActiveCfg = Debug|Any CPU
		{EB80BD3D-3F13-4602-9019-8F8C53D753F9}.Debug|Any CPU.Build.0 = Debug|Any CPU
		{EB80BD3D-3F13-4602-9019-8F8C53D753F9}.Release|Any CPU.ActiveCfg = Release|Any CPU
		{EB80BD3D-3F13-4602-9019-8F8C53D753F9}.Release|Any CPU.Build.0 = Release|Any CPU
		{389AEF6E-F81D-4A59-8268-ACB7EC7BF8F8}.Debug|Any CPU.ActiveCfg = Debug|Any CPU
		{389AEF6E-F81D-4A59-8268-ACB7EC7BF8F8}.Debug|Any CPU.Build.0 = Debug|Any CPU
		{389AEF6E-F81D-4A59-8268-ACB7EC7BF8F8}.Release|Any CPU.ActiveCfg = Release|Any CPU
		{389AEF6E-F81D-4A59-8268-ACB7EC7BF8F8}.Release|Any CPU.Build.0 = Release|Any CPU
		{4C0A2F3A-882D-433C-96DF-D46A6968A061}.Debug|Any CPU.ActiveCfg = Debug|Any CPU
		{4C0A2F3A-882D-433C-96DF-D46A6968A061}.Debug|Any CPU.Build.0 = Debug|Any CPU
		{4C0A2F3A-882D-433C-96DF-D46A6968A061}.Release|Any CPU.ActiveCfg = Release|Any CPU
		{4C0A2F3A-882D-433C-96DF-D46A6968A061}.Release|Any CPU.Build.0 = Release|Any CPU
		{ADC61865-22C3-488A-8995-4542F4ADC8E1}.Debug|Any CPU.ActiveCfg = Debug|Any CPU
		{ADC61865-22C3-488A-8995-4542F4ADC8E1}.Debug|Any CPU.Build.0 = Debug|Any CPU
		{ADC61865-22C3-488A-8995-4542F4ADC8E1}.Release|Any CPU.ActiveCfg = Release|Any CPU
		{ADC61865-22C3-488A-8995-4542F4ADC8E1}.Release|Any CPU.Build.0 = Release|Any CPU
	EndGlobalSection
	GlobalSection(SolutionProperties) = preSolution
		HideSolutionNode = FALSE
	EndGlobalSection
	GlobalSection(NestedProjects) = preSolution
		{FBD3B899-7DE9-49B9-893C-E4F2A4412F52} = {53A0C950-045B-4A6F-B919-3216349FBAD8}
		{278344E7-D0D4-4B3B-8F5B-78404AF4CA3D} = {42E50C3C-CAAD-4774-AA54-BF7925A968AE}
		{EB80BD3D-3F13-4602-9019-8F8C53D753F9} = {59CAE727-9FDA-44E9-B479-525561E6909E}
		{389AEF6E-F81D-4A59-8268-ACB7EC7BF8F8} = {59CAE727-9FDA-44E9-B479-525561E6909E}
		{4C0A2F3A-882D-433C-96DF-D46A6968A061} = {59CAE727-9FDA-44E9-B479-525561E6909E}
		{ADC61865-22C3-488A-8995-4542F4ADC8E1} = {59CAE727-9FDA-44E9-B479-525561E6909E}
	EndGlobalSection
	GlobalSection(ExtensibilityGlobals) = postSolution
		SolutionGuid = {2EB0ECE5-E05A-4E26-A2B5-9A64F5DD625D}
	EndGlobalSection
EndGlobal
